
Microsoft Visual Studio Solution File, Format Version 12.00
# Visual Studio Version 16
VisualStudioVersion = 16.0.32228.343
MinimumVisualStudioVersion = 10.0.40219.1
Project("{FAE04EC0-301F-11D3-BF4B-00C04F79EFBC}") = "AddSightsAndAddHotel", "AddSightsAndAddHotel\AddSightsAndAddHotel.csproj", "{537AD22F-854E-4434-B82D-E303E5D22AA8}"
EndProject
Global
	GlobalSection(SolutionConfigurationPlatforms) = preSolution
		Debug|Any CPU = Debug|Any CPU
		Release|Any CPU = Release|Any CPU
	EndGlobalSection
	GlobalSection(ProjectConfigurationPlatforms) = postSolution
		{537AD22F-854E-4434-B82D-E303E5D22AA8}.Debug|Any CPU.ActiveCfg = Debug|Any CPU
		{537AD22F-854E-4434-B82D-E303E5D22AA8}.Debug|Any CPU.Build.0 = Debug|Any CPU
		{537AD22F-854E-4434-B82D-E303E5D22AA8}.Release|Any CPU.ActiveCfg = Release|Any CPU
		{537AD22F-854E-4434-B82D-E303E5D22AA8}.Release|Any CPU.Build.0 = Release|Any CPU
	EndGlobalSection
	GlobalSection(SolutionProperties) = preSolution
		HideSolutionNode = FALSE
	EndGlobalSection
	GlobalSection(ExtensibilityGlobals) = postSolution
		SolutionGuid = {5131B10D-000A-4541-9782-9FDDFDBA3E4E}
	EndGlobalSection
EndGlobal
